
Microsoft Visual Studio Solution File, Format Version 12.00
# Visual Studio Version 16
VisualStudioVersion = 16.0.31424.327
MinimumVisualStudioVersion = 10.0.40219.1
Project("{9A19103F-16F7-4668-BE54-9A1E7A4F7556}") = "Application", "Application\Application.csproj", "{FA9D92D2-2B90-4EEC-8393-3DC919909125}"
EndProject
Project("{9A19103F-16F7-4668-BE54-9A1E7A4F7556}") = "Core", "Core\Core.csproj", "{4263261D-0B3B-4C11-A4DB-6232DB514035}"
EndProject
Project("{9A19103F-16F7-4668-BE54-9A1E7A4F7556}") = "Infrastructure", "Infrastructure\Infrastructure.csproj", "{48BA0761-A561-42B3-A93F-90BBB7D2550D}"
	ProjectSection(ProjectDependencies) = postProject
		{4263261D-0B3B-4C11-A4DB-6232DB514035} = {4263261D-0B3B-4C11-A4DB-6232DB514035}
	EndProjectSection
EndProject
Project("{9A19103F-16F7-4668-BE54-9A1E7A4F7556}") = "API", "API\API.csproj", "{38E5484E-A990-4425-BFA9-79DCA35F0D6D}"
EndProject
Global
	GlobalSection(SolutionConfigurationPlatforms) = preSolution
		Debug|Any CPU = Debug|Any CPU
		Release|Any CPU = Release|Any CPU
	EndGlobalSection
	GlobalSection(ProjectConfigurationPlatforms) = postSolution
		{FA9D92D2-2B90-4EEC-8393-3DC919909125}.Debug|Any CPU.ActiveCfg = Debug|Any CPU
		{FA9D92D2-2B90-4EEC-8393-3DC919909125}.Debug|Any CPU.Build.0 = Debug|Any CPU
		{FA9D92D2-2B90-4EEC-8393-3DC919909125}.Release|Any CPU.ActiveCfg = Release|Any CPU
		{FA9D92D2-2B90-4EEC-8393-3DC919909125}.Release|Any CPU.Build.0 = Release|Any CPU
		{4263261D-0B3B-4C11-A4DB-6232DB514035}.Debug|Any CPU.ActiveCfg = Debug|Any CPU
		{4263261D-0B3B-4C11-A4DB-6232DB514035}.Debug|Any CPU.Build.0 = Debug|Any CPU
		{4263261D-0B3B-4C11-A4DB-6232DB514035}.Release|Any CPU.ActiveCfg = Release|Any CPU
		{4263261D-0B3B-4C11-A4DB-6232DB514035}.Release|Any CPU.Build.0 = Release|Any CPU
		{48BA0761-A561-42B3-A93F-90BBB7D2550D}.Debug|Any CPU.ActiveCfg = Debug|Any CPU
		{48BA0761-A561-42B3-A93F-90BBB7D2550D}.Debug|Any CPU.Build.0 = Debug|Any CPU
		{48BA0761-A561-42B3-A93F-90BBB7D2550D}.Release|Any CPU.ActiveCfg = Release|Any CPU
		{48BA0761-A561-42B3-A93F-90BBB7D2550D}.Release|Any CPU.Build.0 = Release|Any CPU
		{38E5484E-A990-4425-BFA9-79DCA35F0D6D}.Debug|Any CPU.ActiveCfg = Debug|Any CPU
		{38E5484E-A990-4425-BFA9-79DCA35F0D6D}.Debug|Any CPU.Build.0 = Debug|Any CPU
		{38E5484E-A990-4425-BFA9-79DCA35F0D6D}.Release|Any CPU.ActiveCfg = Release|Any CPU
		{38E5484E-A990-4425-BFA9-79DCA35F0D6D}.Release|Any CPU.Build.0 = Release|Any CPU
	EndGlobalSection
	GlobalSection(SolutionProperties) = preSolution
		HideSolutionNode = FALSE
	EndGlobalSection
	GlobalSection(ExtensibilityGlobals) = postSolution
		SolutionGuid = {CE57BA7E-1987-427B-8A5A-1160D97E5776}
	EndGlobalSection
EndGlobal
